
Microsoft Visual Studio Solution File, Format Version 12.00
# Visual Studio Version 17
VisualStudioVersion = 17.0.32112.339
MinimumVisualStudioVersion = 10.0.40219.1
Project("{2150E333-8FDC-42A3-9474-1A3956D46DE8}") = "src", "src", "{4553F493-5928-4D81-A846-45D79D82D53E}"
EndProject
Project("{9A19103F-16F7-4668-BE54-9A1E7A4F7556}") = "CrankSandbox", "src\CrankSandbox\CrankSandbox.csproj", "{E86C1544-75F4-4299-9E61-8E226E7A717E}"
EndProject
Project("{2150E333-8FDC-42A3-9474-1A3956D46DE8}") = "Solution Items", "Solution Items", "{31791CC7-56F1-42A3-9406-CF5E3C77D490}"
	ProjectSection(SolutionItems) = preProject
		.editorconfig = .editorconfig
		.gitattributes = .gitattributes
		.gitignore = .gitignore
		.vsconfig = .vsconfig
		benchmark.ps1 = benchmark.ps1
		benchmark.yml = benchmark.yml
		build.ps1 = build.ps1
		CODE_OF_CONDUCT.md = CODE_OF_CONDUCT.md
		crank.yml = crank.yml
		CrankSandbox.ruleset = CrankSandbox.ruleset
		CrankSandbox.snk = CrankSandbox.snk
		Directory.Build.props = Directory.Build.props
		Directory.Build.targets = Directory.Build.targets
		Directory.Packages.props = Directory.Packages.props
		global.json = global.json
		LICENSE = LICENSE
		NuGet.config = NuGet.config
		omnisharp.json = omnisharp.json
		perf.ps1 = perf.ps1
		README.md = README.md
		startvs.cmd = startvs.cmd
		startvscode.cmd = startvscode.cmd
		stylecop.json = stylecop.json
	EndProjectSection
EndProject
Project("{2150E333-8FDC-42A3-9474-1A3956D46DE8}") = ".github", ".github", "{F02F1C98-9217-4DD8-91EE-91113EA89017}"
EndProject
Project("{2150E333-8FDC-42A3-9474-1A3956D46DE8}") = "workflows", "workflows", "{F8B6A193-66C4-4AEF-B68A-E5E78C8589DA}"
	ProjectSection(SolutionItems) = preProject
		.github\workflows\benchmark.yml = .github\workflows\benchmark.yml
		.github\workflows\build.yml = .github\workflows\build.yml
		.github\workflows\perf.yml = .github\workflows\perf.yml
		.github\workflows\update-dotnet-sdk.yml = .github\workflows\update-dotnet-sdk.yml
	EndProjectSection
EndProject
Project("{9A19103F-16F7-4668-BE54-9A1E7A4F7556}") = "Microbenchmarks", "src\Microbenchmarks\Microbenchmarks.csproj", "{24F79775-5EE5-4D5C-AE47-4C9DB9C9C23F}"
EndProject
Global
	GlobalSection(SolutionConfigurationPlatforms) = preSolution
		Debug|Any CPU = Debug|Any CPU
		Release|Any CPU = Release|Any CPU
	EndGlobalSection
	GlobalSection(ProjectConfigurationPlatforms) = postSolution
		{E86C1544-75F4-4299-9E61-8E226E7A717E}.Debug|Any CPU.ActiveCfg = Debug|Any CPU
		{E86C1544-75F4-4299-9E61-8E226E7A717E}.Debug|Any CPU.Build.0 = Debug|Any CPU
		{E86C1544-75F4-4299-9E61-8E226E7A717E}.Release|Any CPU.ActiveCfg = Release|Any CPU
		{E86C1544-75F4-4299-9E61-8E226E7A717E}.Release|Any CPU.Build.0 = Release|Any CPU
		{24F79775-5EE5-4D5C-AE47-4C9DB9C9C23F}.Debug|Any CPU.ActiveCfg = Debug|Any CPU
		{24F79775-5EE5-4D5C-AE47-4C9DB9C9C23F}.Debug|Any CPU.Build.0 = Debug|Any CPU
		{24F79775-5EE5-4D5C-AE47-4C9DB9C9C23F}.Release|Any CPU.ActiveCfg = Release|Any CPU
		{24F79775-5EE5-4D5C-AE47-4C9DB9C9C23F}.Release|Any CPU.Build.0 = Release|Any CPU
	EndGlobalSection
	GlobalSection(SolutionProperties) = preSolution
		HideSolutionNode = FALSE
	EndGlobalSection
	GlobalSection(NestedProjects) = preSolution
		{E86C1544-75F4-4299-9E61-8E226E7A717E} = {4553F493-5928-4D81-A846-45D79D82D53E}
		{F02F1C98-9217-4DD8-91EE-91113EA89017} = {31791CC7-56F1-42A3-9406-CF5E3C77D490}
		{F8B6A193-66C4-4AEF-B68A-E5E78C8589DA} = {F02F1C98-9217-4DD8-91EE-91113EA89017}
		{24F79775-5EE5-4D5C-AE47-4C9DB9C9C23F} = {4553F493-5928-4D81-A846-45D79D82D53E}
	EndGlobalSection
	GlobalSection(ExtensibilityGlobals) = postSolution
		SolutionGuid = {E940B3CA-9435-4038-8A32-586D477A6F6C}
	EndGlobalSection
EndGlobal
